
Microsoft Visual Studio Solution File, Format Version 12.00
# Visual Studio 15
VisualStudioVersion = 15.0.28307.421
MinimumVisualStudioVersion = 10.0.40219.1
Project("{2150E333-8FDC-42A3-9474-1A3956D46DE8}") = "Behavioral", "Behavioral", "{9B12BCE3-EB01-45B0-96CC-7DEA3F1F4B94}"
EndProject
Project("{2150E333-8FDC-42A3-9474-1A3956D46DE8}") = "ChainOfResp", "ChainOfResp", "{AA8CBC2A-DEE4-4BDB-A32E-8ECA05831137}"
EndProject
Project("{9A19103F-16F7-4668-BE54-9A1E7A4F7556}") = "DP.Behavioral.ChainOfResp", "Behavioral\ChainOfResp\DP.Behavioral.ChainOfResp\DP.Behavioral.ChainOfResp.csproj", "{8B8453BA-3ED3-486D-97F1-F1F76242EABB}"
EndProject
Project("{FAE04EC0-301F-11D3-BF4B-00C04F79EFBC}") = "DP.Behavioral.ChainOfRespWithSpec", "Behavioral\ChainOfResp\DP.Behavioral.ChainOfRespWithSpec\DP.Behavioral.ChainOfRespWithSpec.csproj", "{9E269C0E-4859-4B1A-80C4-3D3456790818}"
EndProject
Global
	GlobalSection(SolutionConfigurationPlatforms) = preSolution
		Debug|Any CPU = Debug|Any CPU
		Release|Any CPU = Release|Any CPU
	EndGlobalSection
	GlobalSection(ProjectConfigurationPlatforms) = postSolution
		{8B8453BA-3ED3-486D-97F1-F1F76242EABB}.Debug|Any CPU.ActiveCfg = Debug|Any CPU
		{8B8453BA-3ED3-486D-97F1-F1F76242EABB}.Debug|Any CPU.Build.0 = Debug|Any CPU
		{8B8453BA-3ED3-486D-97F1-F1F76242EABB}.Release|Any CPU.ActiveCfg = Release|Any CPU
		{8B8453BA-3ED3-486D-97F1-F1F76242EABB}.Release|Any CPU.Build.0 = Release|Any CPU
		{9E269C0E-4859-4B1A-80C4-3D3456790818}.Debug|Any CPU.ActiveCfg = Debug|Any CPU
		{9E269C0E-4859-4B1A-80C4-3D3456790818}.Debug|Any CPU.Build.0 = Debug|Any CPU
		{9E269C0E-4859-4B1A-80C4-3D3456790818}.Release|Any CPU.ActiveCfg = Release|Any CPU
		{9E269C0E-4859-4B1A-80C4-3D3456790818}.Release|Any CPU.Build.0 = Release|Any CPU
	EndGlobalSection
	GlobalSection(SolutionProperties) = preSolution
		HideSolutionNode = FALSE
	EndGlobalSection
	GlobalSection(NestedProjects) = preSolution
		{AA8CBC2A-DEE4-4BDB-A32E-8ECA05831137} = {9B12BCE3-EB01-45B0-96CC-7DEA3F1F4B94}
		{8B8453BA-3ED3-486D-97F1-F1F76242EABB} = {AA8CBC2A-DEE4-4BDB-A32E-8ECA05831137}
		{9E269C0E-4859-4B1A-80C4-3D3456790818} = {AA8CBC2A-DEE4-4BDB-A32E-8ECA05831137}
	EndGlobalSection
	GlobalSection(ExtensibilityGlobals) = postSolution
		SolutionGuid = {EFA8E847-20A8-40CD-8065-F425E93037C2}
	EndGlobalSection
EndGlobal
